
Microsoft Visual Studio Solution File, Format Version 12.00
# Visual Studio Version 17
VisualStudioVersion = 17.11.35327.3
MinimumVisualStudioVersion = 10.0.40219.1
Project("{FAE04EC0-301F-11D3-BF4B-00C04F79EFBC}") = "WGUSchedule", "WGUSchedule\WGUSchedule.csproj", "{4E7B1E6B-C8AF-41BB-970E-6D9DFCFA23F0}"
EndProject
Global
	GlobalSection(SolutionConfigurationPlatforms) = preSolution
		Debug|Any CPU = Debug|Any CPU
		Release|Any CPU = Release|Any CPU
	EndGlobalSection
	GlobalSection(ProjectConfigurationPlatforms) = postSolution
		{4E7B1E6B-C8AF-41BB-970E-6D9DFCFA23F0}.Debug|Any CPU.ActiveCfg = Debug|Any CPU
		{4E7B1E6B-C8AF-41BB-970E-6D9DFCFA23F0}.Debug|Any CPU.Build.0 = Debug|Any CPU
		{4E7B1E6B-C8AF-41BB-970E-6D9DFCFA23F0}.Release|Any CPU.ActiveCfg = Release|Any CPU
		{4E7B1E6B-C8AF-41BB-970E-6D9DFCFA23F0}.Release|Any CPU.Build.0 = Release|Any CPU
	EndGlobalSection
	GlobalSection(SolutionProperties) = preSolution
		HideSolutionNode = FALSE
	EndGlobalSection
	GlobalSection(ExtensibilityGlobals) = postSolution
		SolutionGuid = {D26876B6-F5EE-45F8-BD2F-CFFCDDEF6E53}
	EndGlobalSection
EndGlobal
